Microsoft Visual Studio Solution File, Format Version 12.00
# Visual Studio Version 17
VisualStudioVersion = 17.5.2.0
MinimumVisualStudioVersion = 10.0.40219.1
Project("{2150E333-8FDC-42A3-9474-1A3956D46DE8}") = "hippo-exchange", "hippo-exchange", "{AA685E69-277A-898D-ED18-0608AD1C8B30}"
EndProject
Project("{FAE04EC0-301F-11D3-BF4B-00C04F79EFBC}") = "hippo-exchange", "hippo-exchange\backend\hippo-exchange.csproj", "{E7F8D2B7-F3C0-A6BE-B190-55526FABAD1B}"
EndProject
Global
	GlobalSection(SolutionConfigurationPlatforms) = preSolution
		Debug|Any CPU = Debug|Any CPU
		Release|Any CPU = Release|Any CPU
	EndGlobalSection
	GlobalSection(ProjectConfigurationPlatforms) = postSolution
		{E7F8D2B7-F3C0-A6BE-B190-55526FABAD1B}.Debug|Any CPU.ActiveCfg = Debug|Any CPU
		{E7F8D2B7-F3C0-A6BE-B190-55526FABAD1B}.Debug|Any CPU.Build.0 = Debug|Any CPU
		{E7F8D2B7-F3C0-A6BE-B190-55526FABAD1B}.Release|Any CPU.ActiveCfg = Release|Any CPU
		{E7F8D2B7-F3C0-A6BE-B190-55526FABAD1B}.Release|Any CPU.Build.0 = Release|Any CPU
	EndGlobalSection
	GlobalSection(SolutionProperties) = preSolution
		HideSolutionNode = FALSE
	EndGlobalSection
	GlobalSection(NestedProjects) = preSolution
		{E7F8D2B7-F3C0-A6BE-B190-55526FABAD1B} = {AA685E69-277A-898D-ED18-0608AD1C8B30}
	EndGlobalSection
	GlobalSection(ExtensibilityGlobals) = postSolution
		SolutionGuid = {8F01E02E-56FB-4067-8753-438083C0D98A}
	EndGlobalSection
EndGlobal
